{
  "version": 4,
  "terraform_version": "1.12.2",
  "serial": 175,
  "lineage": "bc64ca12-f974-4f3a-0635-bd20815f66e6",
  "outputs": {},
  "resources": [
    {
      "mode": "managed",
      "type": "aws_vpc",
      "name": "main",
      "provider": "provider[\"registry.terraform.io/hashicorp/aws\"]",
      "instances": [
        {
          "schema_version": 1,
          "attributes": {
            "arn": "arn:aws:ec2:us-east-1:297997106614:vpc/vpc-06a127144e9f55aad",
            "assign_generated_ipv6_cidr_block": false,
            "cidr_block": "10.0.0.0/16",
            "default_network_acl_id": "acl-0aad15cf2eb9aed63",
            "default_route_table_id": "rtb-08799cbb65a2f7af1",
            "default_security_group_id": "sg-08ed234d32df5e6fb",
            "dhcp_options_id": "dopt-092efb2efa0e8284b",
            "enable_dns_hostnames": true,
            "enable_dns_support": true,
            "enable_network_address_usage_metrics": false,
            "id": "vpc-06a127144e9f55aad",
            "instance_tenancy": "default",
            "ipv4_ipam_pool_id": null,
            "ipv4_netmask_length": null,
            "ipv6_association_id": "",
            "ipv6_cidr_block": "",
            "ipv6_cidr_block_network_border_group": "",
            "ipv6_ipam_pool_id": "",
            "ipv6_netmask_length": 0,
            "main_route_table_id": "rtb-08799cbb65a2f7af1",
            "owner_id": "297997106614",
            "tags": {
              "Name": "social-app-clone-vpc"
            },
            "tags_all": {
              "Name": "social-app-clone-vpc"
            }
          },
          "sensitive_attributes": [],
          "identity_schema_version": 0,
          "private": "eyJzY2hlbWFfdmVyc2lvbiI6IjEifQ=="
        }
      ]
    }
  ],
  "check_results": null
}
